
Microsoft Visual Studio Solution File, Format Version 12.00
# Visual Studio Version 17
VisualStudioVersion = 17.9.34728.123
MinimumVisualStudioVersion = 10.0.40219.1
Project("{FAE04EC0-301F-11D3-BF4B-00C04F79EFBC}") = "outeLL.comV1", "outeLL.comV1.csproj", "{312C195B-0DBC-4E1F-B2E2-0E78D23C866A}"
EndProject
Global
	GlobalSection(SolutionConfigurationPlatforms) = preSolution
		Debug|Any CPU = Debug|Any CPU
		Release|Any CPU = Release|Any CPU
	EndGlobalSection
	GlobalSection(ProjectConfigurationPlatforms) = postSolution
		{312C195B-0DBC-4E1F-B2E2-0E78D23C866A}.Debug|Any CPU.ActiveCfg = Debug|Any CPU
		{312C195B-0DBC-4E1F-B2E2-0E78D23C866A}.Debug|Any CPU.Build.0 = Debug|Any CPU
		{312C195B-0DBC-4E1F-B2E2-0E78D23C866A}.Release|Any CPU.ActiveCfg = Release|Any CPU
		{312C195B-0DBC-4E1F-B2E2-0E78D23C866A}.Release|Any CPU.Build.0 = Release|Any CPU
	EndGlobalSection
	GlobalSection(SolutionProperties) = preSolution
		HideSolutionNode = FALSE
	EndGlobalSection
	GlobalSection(ExtensibilityGlobals) = postSolution
		SolutionGuid = {4E3A9513-A390-44EA-95F6-38EF9C4EF5E1}
	EndGlobalSection
EndGlobal
